
Microsoft Visual Studio Solution File, Format Version 12.00
# Visual Studio Version 16
VisualStudioVersion = 16.0.29519.161
MinimumVisualStudioVersion = 10.0.40219.1
Project("{FAE04EC0-301F-11D3-BF4B-00C04F79EFBC}") = "FeedReader", "FeedReader\FeedReader.csproj", "{742D69C3-D5D8-45A8-8FA1-779FFF20BAE9}"
EndProject
Global
	GlobalSection(SolutionConfigurationPlatforms) = preSolution
		Debug|Any CPU = Debug|Any CPU
		Release|Any CPU = Release|Any CPU
	EndGlobalSection
	GlobalSection(ProjectConfigurationPlatforms) = postSolution
		{742D69C3-D5D8-45A8-8FA1-779FFF20BAE9}.Debug|Any CPU.ActiveCfg = Debug|Any CPU
		{742D69C3-D5D8-45A8-8FA1-779FFF20BAE9}.Debug|Any CPU.Build.0 = Debug|Any CPU
		{742D69C3-D5D8-45A8-8FA1-779FFF20BAE9}.Release|Any CPU.ActiveCfg = Release|Any CPU
		{742D69C3-D5D8-45A8-8FA1-779FFF20BAE9}.Release|Any CPU.Build.0 = Release|Any CPU
	EndGlobalSection
	GlobalSection(SolutionProperties) = preSolution
		HideSolutionNode = FALSE
	EndGlobalSection
	GlobalSection(ExtensibilityGlobals) = postSolution
		SolutionGuid = {B51AADD0-1B6A-45CB-82D9-07415981B434}
	EndGlobalSection
EndGlobal
